
Microsoft Visual Studio Solution File, Format Version 12.00
# Visual Studio 15
VisualStudioVersion = 15.0.28010.2003
MinimumVisualStudioVersion = 10.0.40219.1
Project("{8BC9CEB8-8B4A-11D0-8D11-00A0C91BC942}") = "ModifiedKaprekarNumbers", "ModifiedKaprekarNumbers\ModifiedKaprekarNumbers.vcxproj", "{B64139A5-1B00-4CEA-9A77-EA6A97E69242}"
EndProject
Project("{8BC9CEB8-8B4A-11D0-8D11-00A0C91BC942}") = "BeautifulTriplets", "BeautifulTriplets\BeautifulTriplets.vcxproj", "{449DC2F1-749D-4C36-B140-5A5ECDE28A41}"
EndProject
Project("{8BC9CEB8-8B4A-11D0-8D11-00A0C91BC942}") = "MinimumDistances", "MinimumDistances\MinimumDistances.vcxproj", "{5675D4B3-96AD-4870-8A34-D02C8EF30A47}"
EndProject
Project("{8BC9CEB8-8B4A-11D0-8D11-00A0C91BC942}") = "HalloweenSale", "HalloweenSale\HalloweenSale.vcxproj", "{F2B7A4C5-C0F8-46A0-B73D-42AC67C8EAD1}"
EndProject
Project("{8BC9CEB8-8B4A-11D0-8D11-00A0C91BC942}") = "TheTimeInWords", "TheTimeInWords\TheTimeInWords.vcxproj", "{E0BC5B73-4E87-4B59-9FBE-67F2E6E57245}"
EndProject
Project("{8BC9CEB8-8B4A-11D0-8D11-00A0C91BC942}") = "ChocolateFeast", "ChocolateFeast\ChocolateFeast.vcxproj", "{F8E37CEA-469B-4B29-8184-EC0D1B8A02E2}"
EndProject
Global
	GlobalSection(SolutionConfigurationPlatforms) = preSolution
		Debug|x64 = Debug|x64
		Debug|x86 = Debug|x86
		Release|x64 = Release|x64
		Release|x86 = Release|x86
	EndGlobalSection
	GlobalSection(ProjectConfigurationPlatforms) = postSolution
		{B64139A5-1B00-4CEA-9A77-EA6A97E69242}.Debug|x64.ActiveCfg = Debug|x64
		{B64139A5-1B00-4CEA-9A77-EA6A97E69242}.Debug|x64.Build.0 = Debug|x64
		{B64139A5-1B00-4CEA-9A77-EA6A97E69242}.Debug|x86.ActiveCfg = Debug|Win32
		{B64139A5-1B00-4CEA-9A77-EA6A97E69242}.Debug|x86.Build.0 = Debug|Win32
		{B64139A5-1B00-4CEA-9A77-EA6A97E69242}.Release|x64.ActiveCfg = Release|x64
		{B64139A5-1B00-4CEA-9A77-EA6A97E69242}.Release|x64.Build.0 = Release|x64
		{B64139A5-1B00-4CEA-9A77-EA6A97E69242}.Release|x86.ActiveCfg = Release|Win32
		{B64139A5-1B00-4CEA-9A77-EA6A97E69242}.Release|x86.Build.0 = Release|Win32
		{449DC2F1-749D-4C36-B140-5A5ECDE28A41}.Debug|x64.ActiveCfg = Debug|x64
		{449DC2F1-749D-4C36-B140-5A5ECDE28A41}.Debug|x64.Build.0 = Debug|x64
		{449DC2F1-749D-4C36-B140-5A5ECDE28A41}.Debug|x86.ActiveCfg = Debug|Win32
		{449DC2F1-749D-4C36-B140-5A5ECDE28A41}.Debug|x86.Build.0 = Debug|Win32
		{449DC2F1-749D-4C36-B140-5A5ECDE28A41}.Release|x64.ActiveCfg = Release|x64
		{449DC2F1-749D-4C36-B140-5A5ECDE28A41}.Release|x64.Build.0 = Release|x64
		{449DC2F1-749D-4C36-B140-5A5ECDE28A41}.Release|x86.ActiveCfg = Release|Win32
		{449DC2F1-749D-4C36-B140-5A5ECDE28A41}.Release|x86.Build.0 = Release|Win32
		{5675D4B3-96AD-4870-8A34-D02C8EF30A47}.Debug|x64.ActiveCfg = Debug|x64
		{5675D4B3-96AD-4870-8A34-D02C8EF30A47}.Debug|x64.Build.0 = Debug|x64
		{5675D4B3-96AD-4870-8A34-D02C8EF30A47}.Debug|x86.ActiveCfg = Debug|Win32
		{5675D4B3-96AD-4870-8A34-D02C8EF30A47}.Debug|x86.Build.0 = Debug|Win32
		{5675D4B3-96AD-4870-8A34-D02C8EF30A47}.Release|x64.ActiveCfg = Release|x64
		{5675D4B3-96AD-4870-8A34-D02C8EF30A47}.Release|x64.Build.0 = Release|x64
		{5675D4B3-96AD-4870-8A34-D02C8EF30A47}.Release|x86.ActiveCfg = Release|Win32
		{5675D4B3-96AD-4870-8A34-D02C8EF30A47}.Release|x86.Build.0 = Release|Win32
		{F2B7A4C5-C0F8-46A0-B73D-42AC67C8EAD1}.Debug|x64.ActiveCfg = Debug|x64
		{F2B7A4C5-C0F8-46A0-B73D-42AC67C8EAD1}.Debug|x64.Build.0 = Debug|x64
		{F2B7A4C5-C0F8-46A0-B73D-42AC67C8EAD1}.Debug|x86.ActiveCfg = Debug|Win32
		{F2B7A4C5-C0F8-46A0-B73D-42AC67C8EAD1}.Debug|x86.Build.0 = Debug|Win32
		{F2B7A4C5-C0F8-46A0-B73D-42AC67C8EAD1}.Release|x64.ActiveCfg = Release|x64
		{F2B7A4C5-C0F8-46A0-B73D-42AC67C8EAD1}.Release|x64.Build.0 = Release|x64
		{F2B7A4C5-C0F8-46A0-B73D-42AC67C8EAD1}.Release|x86.ActiveCfg = Release|Win32
		{F2B7A4C5-C0F8-46A0-B73D-42AC67C8EAD1}.Release|x86.Build.0 = Release|Win32
		{E0BC5B73-4E87-4B59-9FBE-67F2E6E57245}.Debug|x64.ActiveCfg = Debug|x64
		{E0BC5B73-4E87-4B59-9FBE-67F2E6E57245}.Debug|x64.Build.0 = Debug|x64
		{E0BC5B73-4E87-4B59-9FBE-67F2E6E57245}.Debug|x86.ActiveCfg = Debug|Win32
		{E0BC5B73-4E87-4B59-9FBE-67F2E6E57245}.Debug|x86.Build.0 = Debug|Win32
		{E0BC5B73-4E87-4B59-9FBE-67F2E6E57245}.Release|x64.ActiveCfg = Release|x64
		{E0BC5B73-4E87-4B59-9FBE-67F2E6E57245}.Release|x64.Build.0 = Release|x64
		{E0BC5B73-4E87-4B59-9FBE-67F2E6E57245}.Release|x86.ActiveCfg = Release|Win32
		{E0BC5B73-4E87-4B59-9FBE-67F2E6E57245}.Release|x86.Build.0 = Release|Win32
		{F8E37CEA-469B-4B29-8184-EC0D1B8A02E2}.Debug|x64.ActiveCfg = Debug|x64
		{F8E37CEA-469B-4B29-8184-EC0D1B8A02E2}.Debug|x64.Build.0 = Debug|x64
		{F8E37CEA-469B-4B29-8184-EC0D1B8A02E2}.Debug|x86.ActiveCfg = Debug|Win32
		{F8E37CEA-469B-4B29-8184-EC0D1B8A02E2}.Debug|x86.Build.0 = Debug|Win32
		{F8E37CEA-469B-4B29-8184-EC0D1B8A02E2}.Release|x64.ActiveCfg = Release|x64
		{F8E37CEA-469B-4B29-8184-EC0D1B8A02E2}.Release|x64.Build.0 = Release|x64
		{F8E37CEA-469B-4B29-8184-EC0D1B8A02E2}.Release|x86.ActiveCfg = Release|Win32
		{F8E37CEA-469B-4B29-8184-EC0D1B8A02E2}.Release|x86.Build.0 = Release|Win32
	EndGlobalSection
	GlobalSection(SolutionProperties) = preSolution
		HideSolutionNode = FALSE
	EndGlobalSection
	GlobalSection(ExtensibilityGlobals) = postSolution
		SolutionGuid = {AD086F89-10FD-4AD9-94AA-A351110916A6}
	EndGlobalSection
EndGlobal
